
Microsoft Visual Studio Solution File, Format Version 12.00
# Visual Studio Version 17
VisualStudioVersion = 17.11.35327.3
MinimumVisualStudioVersion = 10.0.40219.1
Project("{FAE04EC0-301F-11D3-BF4B-00C04F79EFBC}") = "Peeper", "Peeper.csproj", "{09270795-EFDE-4EA6-BA10-F13F5990E042}"
EndProject
Global
	GlobalSection(SolutionConfigurationPlatforms) = preSolution
		Debug|x64 = Debug|x64
		Release|x64 = Release|x64
		ReleaseChecked|x64 = ReleaseChecked|x64
	EndGlobalSection
	GlobalSection(ProjectConfigurationPlatforms) = postSolution
		{09270795-EFDE-4EA6-BA10-F13F5990E042}.Debug|x64.ActiveCfg = Debug|x64
		{09270795-EFDE-4EA6-BA10-F13F5990E042}.Debug|x64.Build.0 = Debug|x64
		{09270795-EFDE-4EA6-BA10-F13F5990E042}.Release|x64.ActiveCfg = Release|x64
		{09270795-EFDE-4EA6-BA10-F13F5990E042}.Release|x64.Build.0 = Release|x64
		{09270795-EFDE-4EA6-BA10-F13F5990E042}.ReleaseChecked|x64.ActiveCfg = ReleaseChecked|x64
		{09270795-EFDE-4EA6-BA10-F13F5990E042}.ReleaseChecked|x64.Build.0 = ReleaseChecked|x64
	EndGlobalSection
	GlobalSection(SolutionProperties) = preSolution
		HideSolutionNode = FALSE
	EndGlobalSection
	GlobalSection(ExtensibilityGlobals) = postSolution
		SolutionGuid = {C62D497E-8A57-4F48-A876-2B1E08F5575C}
	EndGlobalSection
EndGlobal
